
Microsoft Visual Studio Solution File, Format Version 12.00
# Visual Studio Version 17
VisualStudioVersion = 17.4.33110.190
MinimumVisualStudioVersion = 10.0.40219.1
Project("{9A19103F-16F7-4668-BE54-9A1E7A4F7556}") = "WowBravoFunkyRap", "WowBravoFunkyRap\WowBravoFunkyRap.csproj", "{E1FBA4BF-8312-40CD-AF5E-A680B7C0FCAC}"
EndProject
Project("{FAE04EC0-301F-11D3-BF4B-00C04F79EFBC}") = "WowBravoFunkyRap.Model", "WowBravoFunkyRap.Model\WowBravoFunkyRap.Model.csproj", "{E4166BE1-BEA5-404E-B417-7901CC1736C3}"
EndProject
Project("{FAE04EC0-301F-11D3-BF4B-00C04F79EFBC}") = "WowBravoFunkyRap.Shared", "WowBravoFunkyRap.Shared\WowBravoFunkyRap.Shared.csproj", "{CC7A15A6-EAF3-4477-9B03-AB632B065A3C}"
EndProject
Project("{FAE04EC0-301F-11D3-BF4B-00C04F79EFBC}") = "WowBravoFunkyRap.Service", "WowBravoFunkyRap.Service\WowBravoFunkyRap.Service.csproj", "{D4AA8C4C-106D-4EDB-8F5E-C6476F50BA77}"
EndProject
Global
	GlobalSection(SolutionConfigurationPlatforms) = preSolution
		Debug|Any CPU = Debug|Any CPU
		Release|Any CPU = Release|Any CPU
	EndGlobalSection
	GlobalSection(ProjectConfigurationPlatforms) = postSolution
		{E1FBA4BF-8312-40CD-AF5E-A680B7C0FCAC}.Debug|Any CPU.ActiveCfg = Debug|Any CPU
		{E1FBA4BF-8312-40CD-AF5E-A680B7C0FCAC}.Debug|Any CPU.Build.0 = Debug|Any CPU
		{E1FBA4BF-8312-40CD-AF5E-A680B7C0FCAC}.Release|Any CPU.ActiveCfg = Release|Any CPU
		{E1FBA4BF-8312-40CD-AF5E-A680B7C0FCAC}.Release|Any CPU.Build.0 = Release|Any CPU
		{E4166BE1-BEA5-404E-B417-7901CC1736C3}.Debug|Any CPU.ActiveCfg = Debug|Any CPU
		{E4166BE1-BEA5-404E-B417-7901CC1736C3}.Debug|Any CPU.Build.0 = Debug|Any CPU
		{E4166BE1-BEA5-404E-B417-7901CC1736C3}.Release|Any CPU.ActiveCfg = Release|Any CPU
		{E4166BE1-BEA5-404E-B417-7901CC1736C3}.Release|Any CPU.Build.0 = Release|Any CPU
		{CC7A15A6-EAF3-4477-9B03-AB632B065A3C}.Debug|Any CPU.ActiveCfg = Debug|Any CPU
		{CC7A15A6-EAF3-4477-9B03-AB632B065A3C}.Debug|Any CPU.Build.0 = Debug|Any CPU
		{CC7A15A6-EAF3-4477-9B03-AB632B065A3C}.Release|Any CPU.ActiveCfg = Release|Any CPU
		{CC7A15A6-EAF3-4477-9B03-AB632B065A3C}.Release|Any CPU.Build.0 = Release|Any CPU
		{D4AA8C4C-106D-4EDB-8F5E-C6476F50BA77}.Debug|Any CPU.ActiveCfg = Debug|Any CPU
		{D4AA8C4C-106D-4EDB-8F5E-C6476F50BA77}.Debug|Any CPU.Build.0 = Debug|Any CPU
		{D4AA8C4C-106D-4EDB-8F5E-C6476F50BA77}.Release|Any CPU.ActiveCfg = Release|Any CPU
		{D4AA8C4C-106D-4EDB-8F5E-C6476F50BA77}.Release|Any CPU.Build.0 = Release|Any CPU
	EndGlobalSection
	GlobalSection(SolutionProperties) = preSolution
		HideSolutionNode = FALSE
	EndGlobalSection
	GlobalSection(ExtensibilityGlobals) = postSolution
		SolutionGuid = {1CA52531-29B2-488F-9E94-564301F907DD}
	EndGlobalSection
EndGlobal
